
Microsoft Visual Studio Solution File, Format Version 12.00
# Visual Studio Version 16
VisualStudioVersion = 16.0.32126.315
MinimumVisualStudioVersion = 10.0.40219.1
Project("{FAE04EC0-301F-11D3-BF4B-00C04F79EFBC}") = "Aplikasi Data NIlai Jurusan", "Aplikasi Data NIlai Jurusan.csproj", "{A090E52C-9307-4B5F-B2D4-481F3C0072A8}"
EndProject
Project("{54435603-DBB4-11D2-8724-00A0C9A8B90C}") = "Setup Data Nilai Jurusan", "Setup Data Nilai Jurusan\Setup Data Nilai Jurusan.vdproj", "{76BC59DD-30DF-4EE6-B15B-2D71D38C0FE0}"
EndProject
Global
	GlobalSection(SolutionConfigurationPlatforms) = preSolution
		Debug|Any CPU = Debug|Any CPU
		Release|Any CPU = Release|Any CPU
	EndGlobalSection
	GlobalSection(ProjectConfigurationPlatforms) = postSolution
		{A090E52C-9307-4B5F-B2D4-481F3C0072A8}.Debug|Any CPU.ActiveCfg = Debug|Any CPU
		{A090E52C-9307-4B5F-B2D4-481F3C0072A8}.Debug|Any CPU.Build.0 = Debug|Any CPU
		{A090E52C-9307-4B5F-B2D4-481F3C0072A8}.Release|Any CPU.ActiveCfg = Release|Any CPU
		{A090E52C-9307-4B5F-B2D4-481F3C0072A8}.Release|Any CPU.Build.0 = Release|Any CPU
		{76BC59DD-30DF-4EE6-B15B-2D71D38C0FE0}.Debug|Any CPU.ActiveCfg = Debug
		{76BC59DD-30DF-4EE6-B15B-2D71D38C0FE0}.Release|Any CPU.ActiveCfg = Release
	EndGlobalSection
	GlobalSection(SolutionProperties) = preSolution
		HideSolutionNode = FALSE
	EndGlobalSection
	GlobalSection(ExtensibilityGlobals) = postSolution
		SolutionGuid = {757B9A66-BAD8-4A4F-9EB8-45189CFED884}
	EndGlobalSection
EndGlobal
